
Microsoft Visual Studio Solution File, Format Version 12.00
# Visual Studio Version 17
VisualStudioVersion = 17.8.34408.163
MinimumVisualStudioVersion = 10.0.40219.1
Project("{9A19103F-16F7-4668-BE54-9A1E7A4F7556}") = "OrderManagerApi", "OrderManagerApi.csproj", "{5C8F0BDC-DB8E-4A45-AEC3-56C501332B99}"
EndProject
Project("{9A19103F-16F7-4668-BE54-9A1E7A4F7556}") = "GenericService", "..\GenericService\GenericService.csproj", "{09E7A7CD-80B7-47C5-AE9C-6C48AEEE78A9}"
EndProject
Project("{9A19103F-16F7-4668-BE54-9A1E7A4F7556}") = "OrderService", "..\OrderService\OrderService.csproj", "{909BFE2B-93FE-4AAE-82D4-BF7E4B746C49}"
EndProject
Project("{9A19103F-16F7-4668-BE54-9A1E7A4F7556}") = "ProductService", "..\ProductService\ProductService.csproj", "{82C4591A-006C-402A-B6C5-AD93C87CA585}"
EndProject
Project("{9A19103F-16F7-4668-BE54-9A1E7A4F7556}") = "UserService", "..\UserService\UserService.csproj", "{990E3FFA-1AD0-49B4-A3E9-B9B8D30E7DC6}"
EndProject
Project("{9A19103F-16F7-4668-BE54-9A1E7A4F7556}") = "AddressService", "..\AddressService\AddressService.csproj", "{895DE1C4-C284-4DDA-A601-BA47B3D57289}"
EndProject
Global
	GlobalSection(SolutionConfigurationPlatforms) = preSolution
		Debug|Any CPU = Debug|Any CPU
		Release|Any CPU = Release|Any CPU
	EndGlobalSection
	GlobalSection(ProjectConfigurationPlatforms) = postSolution
		{5C8F0BDC-DB8E-4A45-AEC3-56C501332B99}.Debug|Any CPU.ActiveCfg = Debug|Any CPU
		{5C8F0BDC-DB8E-4A45-AEC3-56C501332B99}.Debug|Any CPU.Build.0 = Debug|Any CPU
		{5C8F0BDC-DB8E-4A45-AEC3-56C501332B99}.Release|Any CPU.ActiveCfg = Release|Any CPU
		{5C8F0BDC-DB8E-4A45-AEC3-56C501332B99}.Release|Any CPU.Build.0 = Release|Any CPU
		{09E7A7CD-80B7-47C5-AE9C-6C48AEEE78A9}.Debug|Any CPU.ActiveCfg = Debug|Any CPU
		{09E7A7CD-80B7-47C5-AE9C-6C48AEEE78A9}.Debug|Any CPU.Build.0 = Debug|Any CPU
		{09E7A7CD-80B7-47C5-AE9C-6C48AEEE78A9}.Release|Any CPU.ActiveCfg = Release|Any CPU
		{09E7A7CD-80B7-47C5-AE9C-6C48AEEE78A9}.Release|Any CPU.Build.0 = Release|Any CPU
		{909BFE2B-93FE-4AAE-82D4-BF7E4B746C49}.Debug|Any CPU.ActiveCfg = Debug|Any CPU
		{909BFE2B-93FE-4AAE-82D4-BF7E4B746C49}.Debug|Any CPU.Build.0 = Debug|Any CPU
		{909BFE2B-93FE-4AAE-82D4-BF7E4B746C49}.Release|Any CPU.ActiveCfg = Release|Any CPU
		{909BFE2B-93FE-4AAE-82D4-BF7E4B746C49}.Release|Any CPU.Build.0 = Release|Any CPU
		{82C4591A-006C-402A-B6C5-AD93C87CA585}.Debug|Any CPU.ActiveCfg = Debug|Any CPU
		{82C4591A-006C-402A-B6C5-AD93C87CA585}.Debug|Any CPU.Build.0 = Debug|Any CPU
		{82C4591A-006C-402A-B6C5-AD93C87CA585}.Release|Any CPU.ActiveCfg = Release|Any CPU
		{82C4591A-006C-402A-B6C5-AD93C87CA585}.Release|Any CPU.Build.0 = Release|Any CPU
		{990E3FFA-1AD0-49B4-A3E9-B9B8D30E7DC6}.Debug|Any CPU.ActiveCfg = Debug|Any CPU
		{990E3FFA-1AD0-49B4-A3E9-B9B8D30E7DC6}.Debug|Any CPU.Build.0 = Debug|Any CPU
		{990E3FFA-1AD0-49B4-A3E9-B9B8D30E7DC6}.Release|Any CPU.ActiveCfg = Release|Any CPU
		{990E3FFA-1AD0-49B4-A3E9-B9B8D30E7DC6}.Release|Any CPU.Build.0 = Release|Any CPU
		{895DE1C4-C284-4DDA-A601-BA47B3D57289}.Debug|Any CPU.ActiveCfg = Debug|Any CPU
		{895DE1C4-C284-4DDA-A601-BA47B3D57289}.Debug|Any CPU.Build.0 = Debug|Any CPU
		{895DE1C4-C284-4DDA-A601-BA47B3D57289}.Release|Any CPU.ActiveCfg = Release|Any CPU
		{895DE1C4-C284-4DDA-A601-BA47B3D57289}.Release|Any CPU.Build.0 = Release|Any CPU
	EndGlobalSection
	GlobalSection(SolutionProperties) = preSolution
		HideSolutionNode = FALSE
	EndGlobalSection
	GlobalSection(ExtensibilityGlobals) = postSolution
		SolutionGuid = {FFE6441B-9DF6-44E6-8326-B4D88518E2D7}
	EndGlobalSection
EndGlobal
